// !$*UTF8*$!
{
	archiveVersion = 1;
	classes = {
	};
	objectVersion = 48;
	objects = {

/* Begin PBXBuildFile section */
		02887D5CA42D3021451D84F8 /* Pods_FeignappTests.framework in Frameworks */ = {isa = PBXBuildFile; fileRef = 99A809C46F8F7B1FE90C2DA7 /* Pods_FeignappTests.framework */; };
		46F6926767D1E63905F39BCD /* Pods_Feignapp_WatchKit_Extension.framework in Frameworks */ = {isa = PBXBuildFile; fileRef = 553AB86923FA69134D03CE13 /* Pods_Feignapp_WatchKit_Extension.framework */; };
		47F4F7CCE94424B22A32CD8B /* Pods_Feignapp.framework in Frameworks */ = {isa = PBXBuildFile; fileRef = BD88AE940907267672EDD80F /* Pods_Feignapp.framework */; };
		772BE12F2045CE270003A3B6 /* AppDelegate.swift in Sources */ = {isa = PBXBuildFile; fileRef = 772BE12E2045CE270003A3B6 /* AppDelegate.swift */; };
		772BE1312045CE270003A3B6 /* ViewController.swift in Sources */ = {isa = PBXBuildFile; fileRef = 772BE1302045CE270003A3B6 /* ViewController.swift */; };
		772BE1342045CE270003A3B6 /* Main.storyboard in Resources */ = {isa = PBXBuildFile; fileRef = 772BE1322045CE270003A3B6 /* Main.storyboard */; };
		772BE1362045CE270003A3B6 /* Assets.xcassets in Resources */ = {isa = PBXBuildFile; fileRef = 772BE1352045CE270003A3B6 /* Assets.xcassets */; };
		772BE1392045CE270003A3B6 /* LaunchScreen.storyboard in Resources */ = {isa = PBXBuildFile; fileRef = 772BE1372045CE270003A3B6 /* LaunchScreen.storyboard */; };
		772BE1442045CE270003A3B6 /* FeignappTests.swift in Sources */ = {isa = PBXBuildFile; fileRef = 772BE1432045CE270003A3B6 /* FeignappTests.swift */; };
		772BE14F2045CE280003A3B6 /* FeignappUITests.swift in Sources */ = {isa = PBXBuildFile; fileRef = 772BE14E2045CE280003A3B6 /* FeignappUITests.swift */; };
		772BE1542045CE280003A3B6 /* Feignapp WatchKit App.app in Embed Watch Content */ = {isa = PBXBuildFile; fileRef = 772BE1532045CE280003A3B6 /* Feignapp WatchKit App.app */; };
		772BE15A2045CE280003A3B6 /* Interface.storyboard in Resources */ = {isa = PBXBuildFile; fileRef = 772BE1582045CE280003A3B6 /* Interface.storyboard */; };
		772BE15C2045CE280003A3B6 /* Assets.xcassets in Resources */ = {isa = PBXBuildFile; fileRef = 772BE15B2045CE280003A3B6 /* Assets.xcassets */; };
		772BE1632045CE280003A3B6 /* Feignapp WatchKit Extension.appex in Embed App Extensions */ = {isa = PBXBuildFile; fileRef = 772BE1622045CE280003A3B6 /* Feignapp WatchKit Extension.appex */; settings = {ATTRIBUTES = (RemoveHeadersOnCopy, ); }; };
		772BE1682045CE280003A3B6 /* InterfaceController.swift in Sources */ = {isa = PBXBuildFile; fileRef = 772BE1672045CE280003A3B6 /* InterfaceController.swift */; };
		772BE16A2045CE280003A3B6 /* ExtensionDelegate.swift in Sources */ = {isa = PBXBuildFile; fileRef = 772BE1692045CE280003A3B6 /* ExtensionDelegate.swift */; };
		772BE16C2045CE280003A3B6 /* NotificationController.swift in Sources */ = {isa = PBXBuildFile; fileRef = 772BE16B2045CE280003A3B6 /* NotificationController.swift */; };
		772BE16E2045CE280003A3B6 /* Assets.xcassets in Resources */ = {isa = PBXBuildFile; fileRef = 772BE16D2045CE280003A3B6 /* Assets.xcassets */; };
		772BE1852046ADEF0003A3B6 /* CustomPopup.swift in Sources */ = {isa = PBXBuildFile; fileRef = 772BE1842046ADEF0003A3B6 /* CustomPopup.swift */; };
		772BE18B2046AE060003A3B6 /* SettingsTableViewController.swift in Sources */ = {isa = PBXBuildFile; fileRef = 772BE1862046AE060003A3B6 /* SettingsTableViewController.swift */; };
		772BE18C2046AE060003A3B6 /* TabViewController.swift in Sources */ = {isa = PBXBuildFile; fileRef = 772BE1872046AE060003A3B6 /* TabViewController.swift */; };
		772BE18D2046AE060003A3B6 /* FirebaseServices.swift in Sources */ = {isa = PBXBuildFile; fileRef = 772BE1882046AE060003A3B6 /* FirebaseServices.swift */; };
		772BE18E2046AE060003A3B6 /* HomeViewController.swift in Sources */ = {isa = PBXBuildFile; fileRef = 772BE1892046AE060003A3B6 /* HomeViewController.swift */; };
		772BE18F2046AE060003A3B6 /* TravelModel.swift in Sources */ = {isa = PBXBuildFile; fileRef = 772BE18A2046AE060003A3B6 /* TravelModel.swift */; };
		772BE1912046AED00003A3B6 /* GoogleService-Info.plist in Resources */ = {isa = PBXBuildFile; fileRef = 772BE1902046AED00003A3B6 /* GoogleService-Info.plist */; };
		772BE1952046AF600003A3B6 /* RammettoOne-Regular.ttf in Resources */ = {isa = PBXBuildFile; fileRef = 772BE1932046AF600003A3B6 /* RammettoOne-Regular.ttf */; };
		772BE1962046AF600003A3B6 /* StrawberryBlossom.ttf in Resources */ = {isa = PBXBuildFile; fileRef = 772BE1942046AF600003A3B6 /* StrawberryBlossom.ttf */; };
		772BE19D2046B0FF0003A3B6 /* Environment.swift in Sources */ = {isa = PBXBuildFile; fileRef = 772BE1982046B0FF0003A3B6 /* Environment.swift */; };
		772BE19F2046B0FF0003A3B6 /* TravelRow.swift in Sources */ = {isa = PBXBuildFile; fileRef = 772BE19A2046B0FF0003A3B6 /* TravelRow.swift */; };
		772BE1A12046B0FF0003A3B6 /* TableInterfaceController.swift in Sources */ = {isa = PBXBuildFile; fileRef = 772BE19C2046B0FF0003A3B6 /* TableInterfaceController.swift */; };
		772BE1A32046BE830003A3B6 /* README.md in Resources */ = {isa = PBXBuildFile; fileRef = 772BE1A22046BE830003A3B6 /* README.md */; };
		772BE1A82046BEAC0003A3B6 /* phone2.png in Resources */ = {isa = PBXBuildFile; fileRef = 772BE1A52046BEAC0003A3B6 /* phone2.png */; };
		772BE1A92046BEAC0003A3B6 /* watch1.png in Resources */ = {isa = PBXBuildFile; fileRef = 772BE1A62046BEAC0003A3B6 /* watch1.png */; };
		772BE1AA2046BEAC0003A3B6 /* phone1.png in Resources */ = {isa = PBXBuildFile; fileRef = 772BE1A72046BEAC0003A3B6 /* phone1.png */; };
		772BE1B12046E75E0003A3B6 /* NotificationCenter.framework in Frameworks */ = {isa = PBXBuildFile; fileRef = 772BE1B02046E75E0003A3B6 /* NotificationCenter.framework */; };
		772BE1B42046E75E0003A3B6 /* TodayViewController.swift in Sources */ = {isa = PBXBuildFile; fileRef = 772BE1B32046E75E0003A3B6 /* TodayViewController.swift */; };
		772BE1B72046E75E0003A3B6 /* MainInterface.storyboard in Resources */ = {isa = PBXBuildFile; fileRef = 772BE1B52046E75E0003A3B6 /* MainInterface.storyboard */; };
		772BE1BB2046E75E0003A3B6 /* FeignappWidget.appex in Embed App Extensions */ = {isa = PBXBuildFile; fileRef = 772BE1AF2046E75E0003A3B6 /* FeignappWidget.appex */; settings = {ATTRIBUTES = (RemoveHeadersOnCopy, ); }; };
		772BE1C220470A990003A3B6 /* StationStruct.swift in Sources */ = {isa = PBXBuildFile; fileRef = 772BE1992046B0FF0003A3B6 /* StationStruct.swift */; };
		772BE1C320470A990003A3B6 /* TravelStruct.swift in Sources */ = {isa = PBXBuildFile; fileRef = 772BE19B2046B0FF0003A3B6 /* TravelStruct.swift */; };
		775B721920498E220076BA3A /* stationsFiltered.json in Resources */ = {isa = PBXBuildFile; fileRef = 775B721820498E220076BA3A /* stationsFiltered.json */; };
		7780DE132048648A000F6C9E /* stations.json in Resources */ = {isa = PBXBuildFile; fileRef = 7780DE122048648A000F6C9E /* stations.json */; };
		7780DE1620486DC4000F6C9E /* StationStruct.swift in Sources */ = {isa = PBXBuildFile; fileRef = 7780DE1520486DC4000F6C9E /* StationStruct.swift */; };
		F0EBCA3D113F4B62C382BD41 /* Pods_FeignappUITests.framework in Frameworks */ = {isa = PBXBuildFile; fileRef = A406E94055E6C94F55830E73 /* Pods_FeignappUITests.framework */; };
		FD0A2BC979509E64AA525AE9 /* Pods_Feignapp_WatchKit_App.framework in Frameworks */ = {isa = PBXBuildFile; fileRef = 4546247EC293108940BF97B2 /* Pods_Feignapp_WatchKit_App.framework */; };
/* End PBXBuildFile section */

/* Begin PBXContainerItemProxy section */
		772BE1402045CE270003A3B6 /* PBXContainerItemProxy */ = {
			isa = PBXContainerItemProxy;
			containerPortal = 772BE1232045CE270003A3B6 /* Project object */;
			proxyType = 1;
			remoteGlobalIDString = 772BE12A2045CE270003A3B6;
			remoteInfo = Feignapp;
		};
		772BE14B2045CE280003A3B6 /* PBXContainerItemProxy */ = {
			isa = PBXContainerItemProxy;
			containerPortal = 772BE1232045CE270003A3B6 /* Project object */;
			proxyType = 1;
			remoteGlobalIDString = 772BE12A2045CE270003A3B6;
			remoteInfo = Feignapp;
		};
		772BE1552045CE280003A3B6 /* PBXContainerItemProxy */ = {
			isa = PBXContainerItemProxy;
			containerPortal = 772BE1232045CE270003A3B6 /* Project object */;
			proxyType = 1;
			remoteGlobalIDString = 772BE1522045CE280003A3B6;
			remoteInfo = "Feignapp WatchKit App";
		};
		772BE1642045CE280003A3B6 /* PBXContainerItemProxy */ = {
			isa = PBXContainerItemProxy;
			containerPortal = 772BE1232045CE270003A3B6 /* Project object */;
			proxyType = 1;
			remoteGlobalIDString = 772BE1612045CE280003A3B6;
			remoteInfo = "Feignapp WatchKit Extension";
		};
		772BE1B92046E75E0003A3B6 /* PBXContainerItemProxy */ = {
			isa = PBXContainerItemProxy;
			containerPortal = 772BE1232045CE270003A3B6 /* Project object */;
			proxyType = 1;
			remoteGlobalIDString = 772BE1AE2046E75E0003A3B6;
			remoteInfo = FeignappWidget;
		};
/* End PBXContainerItemProxy section */

/* Begin PBXCopyFilesBuildPhase section */
		772BE1762045CE280003A3B6 /* Embed App Extensions */ = {
			isa = PBXCopyFilesBuildPhase;
			buildActionMask = 2147483647;
			dstPath = "";
			dstSubfolderSpec = 13;
			files = (
				772BE1632045CE280003A3B6 /* Feignapp WatchKit Extension.appex in Embed App Extensions */,
			);
			name = "Embed App Extensions";
			runOnlyForDeploymentPostprocessing = 0;
		};
		772BE17A2045CE280003A3B6 /* Embed Watch Content */ = {
			isa = PBXCopyFilesBuildPhase;
			buildActionMask = 2147483647;
			dstPath = "$(CONTENTS_FOLDER_PATH)/Watch";
			dstSubfolderSpec = 16;
			files = (
				772BE1542045CE280003A3B6 /* Feignapp WatchKit App.app in Embed Watch Content */,
			);
			name = "Embed Watch Content";
			runOnlyForDeploymentPostprocessing = 0;
		};
		772BE1BF2046E75E0003A3B6 /* Embed App Extensions */ = {
			isa = PBXCopyFilesBuildPhase;
			buildActionMask = 2147483647;
			dstPath = "";
			dstSubfolderSpec = 13;
			files = (
				772BE1BB2046E75E0003A3B6 /* FeignappWidget.appex in Embed App Extensions */,
			);
			name = "Embed App Extensions";
			runOnlyForDeploymentPostprocessing = 0;
		};
/* End PBXCopyFilesBuildPhase section */

/* Begin PBXFileReference section */
		045AF998163DBB2056D40107 /* Pods-Feignapp WatchKit App.release.xcconfig */ = {isa = PBXFileReference; includeInIndex = 1; lastKnownFileType = text.xcconfig; name = "Pods-Feignapp WatchKit App.release.xcconfig"; path = "Pods/Target Support Files/Pods-Feignapp WatchKit App/Pods-Feignapp WatchKit App.release.xcconfig"; sourceTree = "<group>"; };
		4546247EC293108940BF97B2 /* Pods_Feignapp_WatchKit_App.framework */ = {isa = PBXFileReference; explicitFileType = wrapper.framework; includeInIndex = 0; path = Pods_Feignapp_WatchKit_App.framework; sourceTree = BUILT_PRODUCTS_DIR; };
		50B6EC35C1A93612F05EDA04 /* Pods-FeignappUITests.release.xcconfig */ = {isa = PBXFileReference; includeInIndex = 1; lastKnownFileType = text.xcconfig; name = "Pods-FeignappUITests.release.xcconfig"; path = "Pods/Target Support Files/Pods-FeignappUITests/Pods-FeignappUITests.release.xcconfig"; sourceTree = "<group>"; };
		553AB86923FA69134D03CE13 /* Pods_Feignapp_WatchKit_Extension.framework */ = {isa = PBXFileReference; explicitFileType = wrapper.framework; includeInIndex = 0; path = Pods_Feignapp_WatchKit_Extension.framework; sourceTree = BUILT_PRODUCTS_DIR; };
		58B942F5171513E86576DCA3 /* Pods-FeignappTests.release.xcconfig */ = {isa = PBXFileReference; includeInIndex = 1; lastKnownFileType = text.xcconfig; name = "Pods-FeignappTests.release.xcconfig"; path = "Pods/Target Support Files/Pods-FeignappTests/Pods-FeignappTests.release.xcconfig"; sourceTree = "<group>"; };
		5FE576649A4A57781C4BC1CF /* Pods-Feignapp WatchKit Extension.release.xcconfig */ = {isa = PBXFileReference; includeInIndex = 1; lastKnownFileType = text.xcconfig; name = "Pods-Feignapp WatchKit Extension.release.xcconfig"; path = "Pods/Target Support Files/Pods-Feignapp WatchKit Extension/Pods-Feignapp WatchKit Extension.release.xcconfig"; sourceTree = "<group>"; };
		71E13257DA1FF72523461793 /* Pods-Feignapp WatchKit Extension.debug.xcconfig */ = {isa = PBXFileReference; includeInIndex = 1; lastKnownFileType = text.xcconfig; name = "Pods-Feignapp WatchKit Extension.debug.xcconfig"; path = "Pods/Target Support Files/Pods-Feignapp WatchKit Extension/Pods-Feignapp WatchKit Extension.debug.xcconfig"; sourceTree = "<group>"; };
		772BE12B2045CE270003A3B6 /* Feignapp.app */ = {isa = PBXFileReference; explicitFileType = wrapper.application; includeInIndex = 0; path = Feignapp.app; sourceTree = BUILT_PRODUCTS_DIR; };
		772BE12E2045CE270003A3B6 /* AppDelegate.swift */ = {isa = PBXFileReference; lastKnownFileType = sourcecode.swift; path = AppDelegate.swift; sourceTree = "<group>"; };
		772BE1302045CE270003A3B6 /* ViewController.swift */ = {isa = PBXFileReference; lastKnownFileType = sourcecode.swift; path = ViewController.swift; sourceTree = "<group>"; };
		772BE1332045CE270003A3B6 /* Base */ = {isa = PBXFileReference; lastKnownFileType = file.storyboard; name = Base; path = Base.lproj/Main.storyboard; sourceTree = "<group>"; };
		772BE1352045CE270003A3B6 /* Assets.xcassets */ = {isa = PBXFileReference; lastKnownFileType = folder.assetcatalog; path = Assets.xcassets; sourceTree = "<group>"; };
		772BE1382045CE270003A3B6 /* Base */ = {isa = PBXFileReference; lastKnownFileType = file.storyboard; name = Base; path = Base.lproj/LaunchScreen.storyboard; sourceTree = "<group>"; };
		772BE13A2045CE270003A3B6 /* Info.plist */ = {isa = PBXFileReference; lastKnownFileType = text.plist.xml; path = Info.plist; sourceTree = "<group>"; };
		772BE13F2045CE270003A3B6 /* FeignappTests.xctest */ = {isa = PBXFileReference; explicitFileType = wrapper.cfbundle; includeInIndex = 0; path = FeignappTests.xctest; sourceTree = BUILT_PRODUCTS_DIR; };
		772BE1432045CE270003A3B6 /* FeignappTests.swift */ = {isa = PBXFileReference; lastKnownFileType = sourcecode.swift; path = FeignappTests.swift; sourceTree = "<group>"; };
		772BE1452045CE280003A3B6 /* Info.plist */ = {isa = PBXFileReference; lastKnownFileType = text.plist.xml; path = Info.plist; sourceTree = "<group>"; };
		772BE14A2045CE280003A3B6 /* FeignappUITests.xctest */ = {isa = PBXFileReference; explicitFileType = wrapper.cfbundle; includeInIndex = 0; path = FeignappUITests.xctest; sourceTree = BUILT_PRODUCTS_DIR; };
		772BE14E2045CE280003A3B6 /* FeignappUITests.swift */ = {isa = PBXFileReference; lastKnownFileType = sourcecode.swift; path = FeignappUITests.swift; sourceTree = "<group>"; };
		772BE1502045CE280003A3B6 /* Info.plist */ = {isa = PBXFileReference; lastKnownFileType = text.plist.xml; path = Info.plist; sourceTree = "<group>"; };
		772BE1532045CE280003A3B6 /* Feignapp WatchKit App.app */ = {isa = PBXFileReference; explicitFileType = wrapper.application; includeInIndex = 0; path = "Feignapp WatchKit App.app"; sourceTree = BUILT_PRODUCTS_DIR; };
		772BE1592045CE280003A3B6 /* Base */ = {isa = PBXFileReference; lastKnownFileType = file.storyboard; name = Base; path = Base.lproj/Interface.storyboard; sourceTree = "<group>"; };
		772BE15B2045CE280003A3B6 /* Assets.xcassets */ = {isa = PBXFileReference; lastKnownFileType = folder.assetcatalog; path = Assets.xcassets; sourceTree = "<group>"; };
		772BE15D2045CE280003A3B6 /* Info.plist */ = {isa = PBXFileReference; lastKnownFileType = text.plist.xml; path = Info.plist; sourceTree = "<group>"; };
		772BE1622045CE280003A3B6 /* Feignapp WatchKit Extension.appex */ = {isa = PBXFileReference; explicitFileType = "wrapper.app-extension"; includeInIndex = 0; path = "Feignapp WatchKit Extension.appex"; sourceTree = BUILT_PRODUCTS_DIR; };
		772BE1672045CE280003A3B6 /* InterfaceController.swift */ = {isa = PBXFileReference; lastKnownFileType = sourcecode.swift; path = InterfaceController.swift; sourceTree = "<group>"; };
		772BE1692045CE280003A3B6 /* ExtensionDelegate.swift */ = {isa = PBXFileReference; lastKnownFileType = sourcecode.swift; path = ExtensionDelegate.swift; sourceTree = "<group>"; };
		772BE16B2045CE280003A3B6 /* NotificationController.swift */ = {isa = PBXFileReference; lastKnownFileType = sourcecode.swift; path = NotificationController.swift; sourceTree = "<group>"; };
		772BE16D2045CE280003A3B6 /* Assets.xcassets */ = {isa = PBXFileReference; lastKnownFileType = folder.assetcatalog; path = Assets.xcassets; sourceTree = "<group>"; };
		772BE16F2045CE280003A3B6 /* Info.plist */ = {isa = PBXFileReference; lastKnownFileType = text.plist.xml; path = Info.plist; sourceTree = "<group>"; };
		772BE1702045CE280003A3B6 /* PushNotificationPayload.apns */ = {isa = PBXFileReference; lastKnownFileType = text; path = PushNotificationPayload.apns; sourceTree = "<group>"; };
		772BE1842046ADEF0003A3B6 /* CustomPopup.swift */ = {isa = PBXFileReference; fileEncoding = 4; lastKnownFileType = sourcecode.swift; path = CustomPopup.swift; sourceTree = "<group>"; };
		772BE1862046AE060003A3B6 /* SettingsTableViewController.swift */ = {isa = PBXFileReference; fileEncoding = 4; lastKnownFileType = sourcecode.swift; path = SettingsTableViewController.swift; sourceTree = "<group>"; };
		772BE1872046AE060003A3B6 /* TabViewController.swift */ = {isa = PBXFileReference; fileEncoding = 4; lastKnownFileType = sourcecode.swift; path = TabViewController.swift; sourceTree = "<group>"; };
		772BE1882046AE060003A3B6 /* FirebaseServices.swift */ = {isa = PBXFileReference; fileEncoding = 4; lastKnownFileType = sourcecode.swift; path = FirebaseServices.swift; sourceTree = "<group>"; };
		772BE1892046AE060003A3B6 /* HomeViewController.swift */ = {isa = PBXFileReference; fileEncoding = 4; lastKnownFileType = sourcecode.swift; path = HomeViewController.swift; sourceTree = "<group>"; };
		772BE18A2046AE060003A3B6 /* TravelModel.swift */ = {isa = PBXFileReference; fileEncoding = 4; lastKnownFileType = sourcecode.swift; path = TravelModel.swift; sourceTree = "<group>"; };
		772BE1902046AED00003A3B6 /* GoogleService-Info.plist */ = {isa = PBXFileReference; fileEncoding = 4; lastKnownFileType = text.plist.xml; path = "GoogleService-Info.plist"; sourceTree = "<group>"; };
		772BE1932046AF600003A3B6 /* RammettoOne-Regular.ttf */ = {isa = PBXFileReference; lastKnownFileType = file; path = "RammettoOne-Regular.ttf"; sourceTree = "<group>"; };
		772BE1942046AF600003A3B6 /* StrawberryBlossom.ttf */ = {isa = PBXFileReference; lastKnownFileType = file; path = StrawberryBlossom.ttf; sourceTree = "<group>"; };
		772BE1982046B0FF0003A3B6 /* Environment.swift */ = {isa = PBXFileReference; fileEncoding = 4; lastKnownFileType = sourcecode.swift; path = Environment.swift; sourceTree = "<group>"; };
		772BE1992046B0FF0003A3B6 /* StationStruct.swift */ = {isa = PBXFileReference; fileEncoding = 4; lastKnownFileType = sourcecode.swift; path = StationStruct.swift; sourceTree = "<group>"; };
		772BE19A2046B0FF0003A3B6 /* TravelRow.swift */ = {isa = PBXFileReference; fileEncoding = 4; lastKnownFileType = sourcecode.swift; path = TravelRow.swift; sourceTree = "<group>"; };
		772BE19B2046B0FF0003A3B6 /* TravelStruct.swift */ = {isa = PBXFileReference; fileEncoding = 4; lastKnownFileType = sourcecode.swift; path = TravelStruct.swift; sourceTree = "<group>"; };
		772BE19C2046B0FF0003A3B6 /* TableInterfaceController.swift */ = {isa = PBXFileReference; fileEncoding = 4; lastKnownFileType = sourcecode.swift; path = TableInterfaceController.swift; sourceTree = "<group>"; };
		772BE1A22046BE830003A3B6 /* README.md */ = {isa = PBXFileReference; lastKnownFileType = net.daringfireball.markdown; path = README.md; sourceTree = "<group>"; };
		772BE1A52046BEAC0003A3B6 /* phone2.png */ = {isa = PBXFileReference; lastKnownFileType = image.png; path = phone2.png; sourceTree = "<group>"; };
		772BE1A62046BEAC0003A3B6 /* watch1.png */ = {isa = PBXFileReference; lastKnownFileType = image.png; path = watch1.png; sourceTree = "<group>"; };
		772BE1A72046BEAC0003A3B6 /* phone1.png */ = {isa = PBXFileReference; lastKnownFileType = image.png; path = phone1.png; sourceTree = "<group>"; };
		772BE1AF2046E75E0003A3B6 /* FeignappWidget.appex */ = {isa = PBXFileReference; explicitFileType = "wrapper.app-extension"; includeInIndex = 0; path = FeignappWidget.appex; sourceTree = BUILT_PRODUCTS_DIR; };
		772BE1B02046E75E0003A3B6 /* NotificationCenter.framework */ = {isa = PBXFileReference; lastKnownFileType = wrapper.framework; name = NotificationCenter.framework; path = System/Library/Frameworks/NotificationCenter.framework; sourceTree = SDKROOT; };
		772BE1B32046E75E0003A3B6 /* TodayViewController.swift */ = {isa = PBXFileReference; lastKnownFileType = sourcecode.swift; path = TodayViewController.swift; sourceTree = "<group>"; };
		772BE1B62046E75E0003A3B6 /* Base */ = {isa = PBXFileReference; lastKnownFileType = file.storyboard; name = Base; path = Base.lproj/MainInterface.storyboard; sourceTree = "<group>"; };
		772BE1B82046E75E0003A3B6 /* Info.plist */ = {isa = PBXFileReference; lastKnownFileType = text.plist.xml; path = Info.plist; sourceTree = "<group>"; };
		775B721820498E220076BA3A /* stationsFiltered.json */ = {isa = PBXFileReference; lastKnownFileType = text.json; path = stationsFiltered.json; sourceTree = "<group>"; };
		7780DE122048648A000F6C9E /* stations.json */ = {isa = PBXFileReference; fileEncoding = 4; lastKnownFileType = text.json; path = stations.json; sourceTree = "<group>"; };
		7780DE1520486DC4000F6C9E /* StationStruct.swift */ = {isa = PBXFileReference; lastKnownFileType = sourcecode.swift; path = StationStruct.swift; sourceTree = "<group>"; };
		7FEC628855A365294900C7FA /* Pods-Feignapp WatchKit App.debug.xcconfig */ = {isa = PBXFileReference; includeInIndex = 1; lastKnownFileType = text.xcconfig; name = "Pods-Feignapp WatchKit App.debug.xcconfig"; path = "Pods/Target Support Files/Pods-Feignapp WatchKit App/Pods-Feignapp WatchKit App.debug.xcconfig"; sourceTree = "<group>"; };
		97F293BB8E189B60E68164E4 /* Pods-FeignappUITests.debug.xcconfig */ = {isa = PBXFileReference; includeInIndex = 1; lastKnownFileType = text.xcconfig; name = "Pods-FeignappUITests.debug.xcconfig"; path = "Pods/Target Support Files/Pods-FeignappUITests/Pods-FeignappUITests.debug.xcconfig"; sourceTree = "<group>"; };
		99A809C46F8F7B1FE90C2DA7 /* Pods_FeignappTests.framework */ = {isa = PBXFileReference; explicitFileType = wrapper.framework; includeInIndex = 0; path = Pods_FeignappTests.framework; sourceTree = BUILT_PRODUCTS_DIR; };
		9A3BF1AE59441A3BDB2F834A /* Pods-Feignapp.release.xcconfig */ = {isa = PBXFileReference; includeInIndex = 1; lastKnownFileType = text.xcconfig; name = "Pods-Feignapp.release.xcconfig"; path = "Pods/Target Support Files/Pods-Feignapp/Pods-Feignapp.release.xcconfig"; sourceTree = "<group>"; };
		A406E94055E6C94F55830E73 /* Pods_FeignappUITests.framework */ = {isa = PBXFileReference; explicitFileType = wrapper.framework; includeInIndex = 0; path = Pods_FeignappUITests.framework; sourceTree = BUILT_PRODUCTS_DIR; };
		BD88AE940907267672EDD80F /* Pods_Feignapp.framework */ = {isa = PBXFileReference; explicitFileType = wrapper.framework; includeInIndex = 0; path = Pods_Feignapp.framework; sourceTree = BUILT_PRODUCTS_DIR; };
		C5C152472F5D82BBBB40C912 /* Pods-Feignapp.debug.xcconfig */ = {isa = PBXFileReference; includeInIndex = 1; lastKnownFileType = text.xcconfig; name = "Pods-Feignapp.debug.xcconfig"; path = "Pods/Target Support Files/Pods-Feignapp/Pods-Feignapp.debug.xcconfig"; sourceTree = "<group>"; };
		EE67684DEC701ADB698EEA11 /* Pods-FeignappTests.debug.xcconfig */ = {isa = PBXFileReference; includeInIndex = 1; lastKnownFileType = text.xcconfig; name = "Pods-FeignappTests.debug.xcconfig"; path = "Pods/Target Support Files/Pods-FeignappTests/Pods-FeignappTests.debug.xcconfig"; sourceTree = "<group>"; };
/* End PBXFileReference section */

/* Begin PBXFrameworksBuildPhase section */
		1F303E127894B7CF1B9DC4B5 /* Frameworks */ = {
			isa = PBXFrameworksBuildPhase;
			buildActionMask = 2147483647;
			files = (
				FD0A2BC979509E64AA525AE9 /* Pods_Feignapp_WatchKit_App.framework in Frameworks */,
			);
			runOnlyForDeploymentPostprocessing = 0;
		};
		772BE1282045CE270003A3B6 /* Frameworks */ = {
			isa = PBXFrameworksBuildPhase;
			buildActionMask = 2147483647;
			files = (
				47F4F7CCE94424B22A32CD8B /* Pods_Feignapp.framework in Frameworks */,
			);
			runOnlyForDeploymentPostprocessing = 0;
		};
		772BE13C2045CE270003A3B6 /* Frameworks */ = {
			isa = PBXFrameworksBuildPhase;
			buildActionMask = 2147483647;
			files = (
				02887D5CA42D3021451D84F8 /* Pods_FeignappTests.framework in Frameworks */,
			);
			runOnlyForDeploymentPostprocessing = 0;
		};
		772BE1472045CE280003A3B6 /* Frameworks */ = {
			isa = PBXFrameworksBuildPhase;
			buildActionMask = 2147483647;
			files = (
				F0EBCA3D113F4B62C382BD41 /* Pods_FeignappUITests.framework in Frameworks */,
			);
			runOnlyForDeploymentPostprocessing = 0;
		};
		772BE15F2045CE280003A3B6 /* Frameworks */ = {
			isa = PBXFrameworksBuildPhase;
			buildActionMask = 2147483647;
			files = (
				46F6926767D1E63905F39BCD /* Pods_Feignapp_WatchKit_Extension.framework in Frameworks */,
			);
			runOnlyForDeploymentPostprocessing = 0;
		};
		772BE1AC2046E75E0003A3B6 /* Frameworks */ = {
			isa = PBXFrameworksBuildPhase;
			buildActionMask = 2147483647;
			files = (
				772BE1B12046E75E0003A3B6 /* NotificationCenter.framework in Frameworks */,
			);
			runOnlyForDeploymentPostprocessing = 0;
		};
/* End PBXFrameworksBuildPhase section */

/* Begin PBXGroup section */
		22498CE20FF4CFC7FBB0D7FD /* Pods */ = {
			isa = PBXGroup;
			children = (
				C5C152472F5D82BBBB40C912 /* Pods-Feignapp.debug.xcconfig */,
				9A3BF1AE59441A3BDB2F834A /* Pods-Feignapp.release.xcconfig */,
				7FEC628855A365294900C7FA /* Pods-Feignapp WatchKit App.debug.xcconfig */,
				045AF998163DBB2056D40107 /* Pods-Feignapp WatchKit App.release.xcconfig */,
				71E13257DA1FF72523461793 /* Pods-Feignapp WatchKit Extension.debug.xcconfig */,
				5FE576649A4A57781C4BC1CF /* Pods-Feignapp WatchKit Extension.release.xcconfig */,
				EE67684DEC701ADB698EEA11 /* Pods-FeignappTests.debug.xcconfig */,
				58B942F5171513E86576DCA3 /* Pods-FeignappTests.release.xcconfig */,
				97F293BB8E189B60E68164E4 /* Pods-FeignappUITests.debug.xcconfig */,
				50B6EC35C1A93612F05EDA04 /* Pods-FeignappUITests.release.xcconfig */,
			);
			name = Pods;
			sourceTree = "<group>";
		};
		772BE1222045CE270003A3B6 = {
			isa = PBXGroup;
			children = (
				772BE1A22046BE830003A3B6 /* README.md */,
				772BE1A42046BE900003A3B6 /* readmeFiles */,
				772BE12D2045CE270003A3B6 /* Feignapp */,
				772BE1422045CE270003A3B6 /* FeignappTests */,
				772BE14D2045CE280003A3B6 /* FeignappUITests */,
				772BE1572045CE280003A3B6 /* Feignapp WatchKit App */,
				772BE1662045CE280003A3B6 /* Feignapp WatchKit Extension */,
				772BE1B22046E75E0003A3B6 /* FeignappWidget */,
				772BE12C2045CE270003A3B6 /* Products */,
				22498CE20FF4CFC7FBB0D7FD /* Pods */,
				C3F08421D2290E5670A7CFE4 /* Frameworks */,
			);
			sourceTree = "<group>";
		};
		772BE12C2045CE270003A3B6 /* Products */ = {
			isa = PBXGroup;
			children = (
				772BE12B2045CE270003A3B6 /* Feignapp.app */,
				772BE13F2045CE270003A3B6 /* FeignappTests.xctest */,
				772BE14A2045CE280003A3B6 /* FeignappUITests.xctest */,
				772BE1532045CE280003A3B6 /* Feignapp WatchKit App.app */,
				772BE1622045CE280003A3B6 /* Feignapp WatchKit Extension.appex */,
				772BE1AF2046E75E0003A3B6 /* FeignappWidget.appex */,
			);
			name = Products;
			sourceTree = "<group>";
		};
		772BE12D2045CE270003A3B6 /* Feignapp */ = {
			isa = PBXGroup;
			children = (
				7780DE142048648E000F6C9E /* Resources */,
				772BE1882046AE060003A3B6 /* FirebaseServices.swift */,
				772BE1892046AE060003A3B6 /* HomeViewController.swift */,
				772BE1862046AE060003A3B6 /* SettingsTableViewController.swift */,
				772BE1922046AF600003A3B6 /* Fonts */,
				772BE1872046AE060003A3B6 /* TabViewController.swift */,
				772BE18A2046AE060003A3B6 /* TravelModel.swift */,
				772BE1842046ADEF0003A3B6 /* CustomPopup.swift */,
				772BE1902046AED00003A3B6 /* GoogleService-Info.plist */,
				772BE12E2045CE270003A3B6 /* AppDelegate.swift */,
				772BE1302045CE270003A3B6 /* ViewController.swift */,
				772BE1322045CE270003A3B6 /* Main.storyboard */,
				772BE1352045CE270003A3B6 /* Assets.xcassets */,
				772BE1372045CE270003A3B6 /* LaunchScreen.storyboard */,
				772BE13A2045CE270003A3B6 /* Info.plist */,
				7780DE1520486DC4000F6C9E /* StationStruct.swift */,
			);
			path = Feignapp;
			sourceTree = "<group>";
		};
		772BE1422045CE270003A3B6 /* FeignappTests */ = {
			isa = PBXGroup;
			children = (
				772BE1432045CE270003A3B6 /* FeignappTests.swift */,
				772BE1452045CE280003A3B6 /* Info.plist */,
			);
			path = FeignappTests;
			sourceTree = "<group>";
		};
		772BE14D2045CE280003A3B6 /* FeignappUITests */ = {
			isa = PBXGroup;
			children = (
				772BE14E2045CE280003A3B6 /* FeignappUITests.swift */,
				772BE1502045CE280003A3B6 /* Info.plist */,
			);
			path = FeignappUITests;
			sourceTree = "<group>";
		};
		772BE1572045CE280003A3B6 /* Feignapp WatchKit App */ = {
			isa = PBXGroup;
			children = (
				772BE1582045CE280003A3B6 /* Interface.storyboard */,
				772BE15B2045CE280003A3B6 /* Assets.xcassets */,
				772BE15D2045CE280003A3B6 /* Info.plist */,
			);
			path = "Feignapp WatchKit App";
			sourceTree = "<group>";
		};
		772BE1662045CE280003A3B6 /* Feignapp WatchKit Extension */ = {
			isa = PBXGroup;
			children = (
				772BE19B2046B0FF0003A3B6 /* TravelStruct.swift */,
				772BE1992046B0FF0003A3B6 /* StationStruct.swift */,
				772BE1972046B0FF0003A3B6 /* env */,
				772BE19C2046B0FF0003A3B6 /* TableInterfaceController.swift */,
				772BE19A2046B0FF0003A3B6 /* TravelRow.swift */,
				772BE1672045CE280003A3B6 /* InterfaceController.swift */,
				772BE1692045CE280003A3B6 /* ExtensionDelegate.swift */,
				772BE16B2045CE280003A3B6 /* NotificationController.swift */,
				772BE16D2045CE280003A3B6 /* Assets.xcassets */,
				772BE16F2045CE280003A3B6 /* Info.plist */,
				772BE1702045CE280003A3B6 /* PushNotificationPayload.apns */,
			);
			path = "Feignapp WatchKit Extension";
			sourceTree = "<group>";
		};
		772BE1922046AF600003A3B6 /* Fonts */ = {
			isa = PBXGroup;
			children = (
				772BE1932046AF600003A3B6 /* RammettoOne-Regular.ttf */,
				772BE1942046AF600003A3B6 /* StrawberryBlossom.ttf */,
			);
			path = Fonts;
			sourceTree = "<group>";
		};
		772BE1972046B0FF0003A3B6 /* env */ = {
			isa = PBXGroup;
			children = (
				772BE1982046B0FF0003A3B6 /* Environment.swift */,
			);
			path = env;
			sourceTree = "<group>";
		};
		772BE1A42046BE900003A3B6 /* readmeFiles */ = {
			isa = PBXGroup;
			children = (
				772BE1A62046BEAC0003A3B6 /* watch1.png */,
				772BE1A72046BEAC0003A3B6 /* phone1.png */,
				772BE1A52046BEAC0003A3B6 /* phone2.png */,
			);
			path = readmeFiles;
			sourceTree = "<group>";
		};
		772BE1B22046E75E0003A3B6 /* FeignappWidget */ = {
			isa = PBXGroup;
			children = (
				772BE1B32046E75E0003A3B6 /* TodayViewController.swift */,
				772BE1B52046E75E0003A3B6 /* MainInterface.storyboard */,
				772BE1B82046E75E0003A3B6 /* Info.plist */,
			);
			path = FeignappWidget;
			sourceTree = "<group>";
		};
		7780DE142048648E000F6C9E /* Resources */ = {
			isa = PBXGroup;
			children = (
				7780DE122048648A000F6C9E /* stations.json */,
				775B721820498E220076BA3A /* stationsFiltered.json */,
			);
			path = Resources;
			sourceTree = "<group>";
		};
		C3F08421D2290E5670A7CFE4 /* Frameworks */ = {
			isa = PBXGroup;
			children = (
				BD88AE940907267672EDD80F /* Pods_Feignapp.framework */,
				4546247EC293108940BF97B2 /* Pods_Feignapp_WatchKit_App.framework */,
				553AB86923FA69134D03CE13 /* Pods_Feignapp_WatchKit_Extension.framework */,
				99A809C46F8F7B1FE90C2DA7 /* Pods_FeignappTests.framework */,
				A406E94055E6C94F55830E73 /* Pods_FeignappUITests.framework */,
				772BE1B02046E75E0003A3B6 /* NotificationCenter.framework */,
			);
			name = Frameworks;
			sourceTree = "<group>";
		};
/* End PBXGroup section */

/* Begin PBXNativeTarget section */
		772BE12A2045CE270003A3B6 /* Feignapp */ = {
			isa = PBXNativeTarget;
			buildConfigurationList = 772BE17B2045CE280003A3B6 /* Build configuration list for PBXNativeTarget "Feignapp" */;
			buildPhases = (
				B00CBBDB866A75B3D030D9F1 /* [CP] Check Pods Manifest.lock */,
				772BE1272045CE270003A3B6 /* Sources */,
				772BE1282045CE270003A3B6 /* Frameworks */,
				772BE1292045CE270003A3B6 /* Resources */,
				772BE17A2045CE280003A3B6 /* Embed Watch Content */,
				9DD6032D52FD3AFC2977DB0C /* [CP] Embed Pods Frameworks */,
				363898E8E5859AE75C2D4C12 /* [CP] Copy Pods Resources */,
				772BE1BF2046E75E0003A3B6 /* Embed App Extensions */,
			);
			buildRules = (
			);
			dependencies = (
				772BE1562045CE280003A3B6 /* PBXTargetDependency */,
				772BE1BA2046E75E0003A3B6 /* PBXTargetDependency */,
			);
			name = Feignapp;
			productName = Feignapp;
			productReference = 772BE12B2045CE270003A3B6 /* Feignapp.app */;
			productType = "com.apple.product-type.application";
		};
		772BE13E2045CE270003A3B6 /* FeignappTests */ = {
			isa = PBXNativeTarget;
			buildConfigurationList = 772BE17E2045CE280003A3B6 /* Build configuration list for PBXNativeTarget "FeignappTests" */;
			buildPhases = (
				32D4A7F337DA96B912FE3943 /* [CP] Check Pods Manifest.lock */,
				772BE13B2045CE270003A3B6 /* Sources */,
				772BE13C2045CE270003A3B6 /* Frameworks */,
				772BE13D2045CE270003A3B6 /* Resources */,
				F67F7DA9B535BD27AE1FDD3A /* [CP] Embed Pods Frameworks */,
				A05B9FC8F6DBF7E0659CA3E2 /* [CP] Copy Pods Resources */,
			);
			buildRules = (
			);
			dependencies = (
				772BE1412045CE270003A3B6 /* PBXTargetDependency */,
			);
			name = FeignappTests;
			productName = FeignappTests;
			productReference = 772BE13F2045CE270003A3B6 /* FeignappTests.xctest */;
			productType = "com.apple.product-type.bundle.unit-test";
		};
		772BE1492045CE280003A3B6 /* FeignappUITests */ = {
			isa = PBXNativeTarget;
			buildConfigurationList = 772BE1812045CE280003A3B6 /* Build configuration list for PBXNativeTarget "FeignappUITests" */;
			buildPhases = (
				3198112370F2BD901596FE52 /* [CP] Check Pods Manifest.lock */,
				772BE1462045CE280003A3B6 /* Sources */,
				772BE1472045CE280003A3B6 /* Frameworks */,
				772BE1482045CE280003A3B6 /* Resources */,
				86E8BE09316BFD87220085F1 /* [CP] Embed Pods Frameworks */,
				7CE9F182547858424B0FDB38 /* [CP] Copy Pods Resources */,
			);
			buildRules = (
			);
			dependencies = (
				772BE14C2045CE280003A3B6 /* PBXTargetDependency */,
			);
			name = FeignappUITests;
			productName = FeignappUITests;
			productReference = 772BE14A2045CE280003A3B6 /* FeignappUITests.xctest */;
			productType = "com.apple.product-type.bundle.ui-testing";
		};
		772BE1522045CE280003A3B6 /* Feignapp WatchKit App */ = {
			isa = PBXNativeTarget;
			buildConfigurationList = 772BE1772045CE280003A3B6 /* Build configuration list for PBXNativeTarget "Feignapp WatchKit App" */;
			buildPhases = (
				B615D49715E730C6047408C0 /* [CP] Check Pods Manifest.lock */,
				772BE1512045CE280003A3B6 /* Resources */,
				772BE1762045CE280003A3B6 /* Embed App Extensions */,
				1F303E127894B7CF1B9DC4B5 /* Frameworks */,
				6440962D8DBEFAAF104188AA /* [CP] Copy Pods Resources */,
			);
			buildRules = (
			);
			dependencies = (
				772BE1652045CE280003A3B6 /* PBXTargetDependency */,
			);
			name = "Feignapp WatchKit App";
			productName = "Feignapp WatchKit App";
			productReference = 772BE1532045CE280003A3B6 /* Feignapp WatchKit App.app */;
			productType = "com.apple.product-type.application.watchapp2";
		};
		772BE1612045CE280003A3B6 /* Feignapp WatchKit Extension */ = {
			isa = PBXNativeTarget;
			buildConfigurationList = 772BE1732045CE280003A3B6 /* Build configuration list for PBXNativeTarget "Feignapp WatchKit Extension" */;
			buildPhases = (
				EF25A3B56E0024D96D40B90C /* [CP] Check Pods Manifest.lock */,
				772BE15E2045CE280003A3B6 /* Sources */,
				772BE15F2045CE280003A3B6 /* Frameworks */,
				772BE1602045CE280003A3B6 /* Resources */,
				75503E817773BFE932FA78A0 /* [CP] Embed Pods Frameworks */,
				FD9B0222C933EF5BD142F970 /* [CP] Copy Pods Resources */,
			);
			buildRules = (
			);
			dependencies = (
			);
			name = "Feignapp WatchKit Extension";
			productName = "Feignapp WatchKit Extension";
			productReference = 772BE1622045CE280003A3B6 /* Feignapp WatchKit Extension.appex */;
			productType = "com.apple.product-type.watchkit2-extension";
		};
		772BE1AE2046E75E0003A3B6 /* FeignappWidget */ = {
			isa = PBXNativeTarget;
			buildConfigurationList = 772BE1BC2046E75E0003A3B6 /* Build configuration list for PBXNativeTarget "FeignappWidget" */;
			buildPhases = (
				772BE1AB2046E75E0003A3B6 /* Sources */,
				772BE1AC2046E75E0003A3B6 /* Frameworks */,
				772BE1AD2046E75E0003A3B6 /* Resources */,
			);
			buildRules = (
			);
			dependencies = (
			);
			name = FeignappWidget;
			productName = FeignappWidget;
			productReference = 772BE1AF2046E75E0003A3B6 /* FeignappWidget.appex */;
			productType = "com.apple.product-type.app-extension";
		};
/* End PBXNativeTarget section */

/* Begin PBXProject section */
		772BE1232045CE270003A3B6 /* Project object */ = {
			isa = PBXProject;
			attributes = {
				LastSwiftUpdateCheck = 0920;
				LastUpgradeCheck = 0920;
				ORGANIZATIONNAME = "Axel Joly";
				TargetAttributes = {
					772BE12A2045CE270003A3B6 = {
						CreatedOnToolsVersion = 9.2;
						ProvisioningStyle = Automatic;
					};
					772BE13E2045CE270003A3B6 = {
						CreatedOnToolsVersion = 9.2;
						ProvisioningStyle = Automatic;
						TestTargetID = 772BE12A2045CE270003A3B6;
					};
					772BE1492045CE280003A3B6 = {
						CreatedOnToolsVersion = 9.2;
						ProvisioningStyle = Automatic;
						TestTargetID = 772BE12A2045CE270003A3B6;
					};
					772BE1522045CE280003A3B6 = {
						CreatedOnToolsVersion = 9.2;
						ProvisioningStyle = Automatic;
					};
					772BE1612045CE280003A3B6 = {
						CreatedOnToolsVersion = 9.2;
						ProvisioningStyle = Automatic;
					};
					772BE1AE2046E75E0003A3B6 = {
						CreatedOnToolsVersion = 9.2;
						ProvisioningStyle = Automatic;
					};
				};
			};
			buildConfigurationList = 772BE1262045CE270003A3B6 /* Build configuration list for PBXProject "Feignapp" */;
			compatibilityVersion = "Xcode 8.0";
			developmentRegion = en;
			hasScannedForEncodings = 0;
			knownRegions = (
				en,
				Base,
			);
			mainGroup = 772BE1222045CE270003A3B6;
			productRefGroup = 772BE12C2045CE270003A3B6 /* Products */;
			projectDirPath = "";
			projectRoot = "";
			targets = (
				772BE12A2045CE270003A3B6 /* Feignapp */,
				772BE13E2045CE270003A3B6 /* FeignappTests */,
				772BE1492045CE280003A3B6 /* FeignappUITests */,
				772BE1522045CE280003A3B6 /* Feignapp WatchKit App */,
				772BE1612045CE280003A3B6 /* Feignapp WatchKit Extension */,
				772BE1AE2046E75E0003A3B6 /* FeignappWidget */,
			);
		};
/* End PBXProject section */

/* Begin PBXResourcesBuildPhase section */
		772BE1292045CE270003A3B6 /* Resources */ = {
			isa = PBXResourcesBuildPhase;
			buildActionMask = 2147483647;
			files = (
				7780DE132048648A000F6C9E /* stations.json in Resources */,
				772BE1AA2046BEAC0003A3B6 /* phone1.png in Resources */,
				772BE1392045CE270003A3B6 /* LaunchScreen.storyboard in Resources */,
				772BE1962046AF600003A3B6 /* StrawberryBlossom.ttf in Resources */,
				772BE1362045CE270003A3B6 /* Assets.xcassets in Resources */,
				772BE1A82046BEAC0003A3B6 /* phone2.png in Resources */,
				772BE1A32046BE830003A3B6 /* README.md in Resources */,
				775B721920498E220076BA3A /* stationsFiltered.json in Resources */,
				772BE1342045CE270003A3B6 /* Main.storyboard in Resources */,
				772BE1952046AF600003A3B6 /* RammettoOne-Regular.ttf in Resources */,
				772BE1912046AED00003A3B6 /* GoogleService-Info.plist in Resources */,
				772BE1A92046BEAC0003A3B6 /* watch1.png in Resources */,
			);
			runOnlyForDeploymentPostprocessing = 0;
		};
		772BE13D2045CE270003A3B6 /* Resources */ = {
			isa = PBXResourcesBuildPhase;
			buildActionMask = 2147483647;
			files = (
			);
			runOnlyForDeploymentPostprocessing = 0;
		};
		772BE1482045CE280003A3B6 /* Resources */ = {
			isa = PBXResourcesBuildPhase;
			buildActionMask = 2147483647;
			files = (
			);
			runOnlyForDeploymentPostprocessing = 0;
		};
		772BE1512045CE280003A3B6 /* Resources */ = {
			isa = PBXResourcesBuildPhase;
			buildActionMask = 2147483647;
			files = (
				772BE15C2045CE280003A3B6 /* Assets.xcassets in Resources */,
				772BE15A2045CE280003A3B6 /* Interface.storyboard in Resources */,
			);
			runOnlyForDeploymentPostprocessing = 0;
		};
		772BE1602045CE280003A3B6 /* Resources */ = {
			isa = PBXResourcesBuildPhase;
			buildActionMask = 2147483647;
			files = (
				772BE16E2045CE280003A3B6 /* Assets.xcassets in Resources */,
			);
			runOnlyForDeploymentPostprocessing = 0;
		};
		772BE1AD2046E75E0003A3B6 /* Resources */ = {
			isa = PBXResourcesBuildPhase;
			buildActionMask = 2147483647;
			files = (
				772BE1B72046E75E0003A3B6 /* MainInterface.storyboard in Resources */,
			);
			runOnlyForDeploymentPostprocessing = 0;
		};
/* End PBXResourcesBuildPhase section */

/* Begin PBXShellScriptBuildPhase section */
		3198112370F2BD901596FE52 /* [CP] Check Pods Manifest.lock */ = {
			isa = PBXShellScriptBuildPhase;
			buildActionMask = 2147483647;
			files = (
			);
			inputPaths = (
				"${PODS_PODFILE_DIR_PATH}/Podfile.lock",
				"${PODS_ROOT}/Manifest.lock",
			);
			name = "[CP] Check Pods Manifest.lock";
			outputPaths = (
				"$(DERIVED_FILE_DIR)/Pods-FeignappUITests-checkManifestLockResult.txt",
			);
			runOnlyForDeploymentPostprocessing = 0;
			shellPath = /bin/sh;
			shellScript = "diff \"${PODS_PODFILE_DIR_PATH}/Podfile.lock\" \"${PODS_ROOT}/Manifest.lock\" > /dev/null\nif [ $? != 0 ] ; then\n    # print error to STDERR\n    echo \"error: The sandbox is not in sync with the Podfile.lock. Run 'pod install' or update your CocoaPods installation.\" >&2\n    exit 1\nfi\n# This output is used by Xcode 'outputs' to avoid re-running this script phase.\necho \"SUCCESS\" > \"${SCRIPT_OUTPUT_FILE_0}\"\n";
			showEnvVarsInLog = 0;
		};
		32D4A7F337DA96B912FE3943 /* [CP] Check Pods Manifest.lock */ = {
			isa = PBXShellScriptBuildPhase;
			buildActionMask = 2147483647;
			files = (
			);
			inputPaths = (
				"${PODS_PODFILE_DIR_PATH}/Podfile.lock",
				"${PODS_ROOT}/Manifest.lock",
			);
			name = "[CP] Check Pods Manifest.lock";
			outputPaths = (
				"$(DERIVED_FILE_DIR)/Pods-FeignappTests-checkManifestLockResult.txt",
			);
			runOnlyForDeploymentPostprocessing = 0;
			shellPath = /bin/sh;
			shellScript = "diff \"${PODS_PODFILE_DIR_PATH}/Podfile.lock\" \"${PODS_ROOT}/Manifest.lock\" > /dev/null\nif [ $? != 0 ] ; then\n    # print error to STDERR\n    echo \"error: The sandbox is not in sync with the Podfile.lock. Run 'pod install' or update your CocoaPods installation.\" >&2\n    exit 1\nfi\n# This output is used by Xcode 'outputs' to avoid re-running this script phase.\necho \"SUCCESS\" > \"${SCRIPT_OUTPUT_FILE_0}\"\n";
			showEnvVarsInLog = 0;
		};
		363898E8E5859AE75C2D4C12 /* [CP] Copy Pods Resources */ = {
			isa = PBXShellScriptBuildPhase;
			buildActionMask = 2147483647;
			files = (
			);
			inputPaths = (
			);
			name = "[CP] Copy Pods Resources";
			outputPaths = (
			);
			runOnlyForDeploymentPostprocessing = 0;
			shellPath = /bin/sh;
			shellScript = "\"${SRCROOT}/Pods/Target Support Files/Pods-Feignapp/Pods-Feignapp-resources.sh\"\n";
			showEnvVarsInLog = 0;
		};
		6440962D8DBEFAAF104188AA /* [CP] Copy Pods Resources */ = {
			isa = PBXShellScriptBuildPhase;
			buildActionMask = 2147483647;
			files = (
			);
			inputPaths = (
			);
			name = "[CP] Copy Pods Resources";
			outputPaths = (
			);
			runOnlyForDeploymentPostprocessing = 0;
			shellPath = /bin/sh;
			shellScript = "\"${SRCROOT}/Pods/Target Support Files/Pods-Feignapp WatchKit App/Pods-Feignapp WatchKit App-resources.sh\"\n";
			showEnvVarsInLog = 0;
		};
		75503E817773BFE932FA78A0 /* [CP] Embed Pods Frameworks */ = {
			isa = PBXShellScriptBuildPhase;
			buildActionMask = 2147483647;
			files = (
			);
			inputPaths = (
				"${SRCROOT}/Pods/Target Support Files/Pods-Feignapp WatchKit Extension/Pods-Feignapp WatchKit Extension-frameworks.sh",
				"${BUILT_PRODUCTS_DIR}/Alamofire-watchOS/Alamofire.framework",
				"${BUILT_PRODUCTS_DIR}/SwiftyJSON-watchOS/SwiftyJSON.framework",
				"${BUILT_PRODUCTS_DIR}/EMTLoadingIndicator/EMTLoadingIndicator.framework",
			);
			name = "[CP] Embed Pods Frameworks";
			outputPaths = (
				"${TARGET_BUILD_DIR}/${FRAMEWORKS_FOLDER_PATH}/Alamofire.framework",
				"${TARGET_BUILD_DIR}/${FRAMEWORKS_FOLDER_PATH}/SwiftyJSON.framework",
				"${TARGET_BUILD_DIR}/${FRAMEWORKS_FOLDER_PATH}/EMTLoadingIndicator.framework",
			);
			runOnlyForDeploymentPostprocessing = 0;
			shellPath = /bin/sh;
			shellScript = "\"${SRCROOT}/Pods/Target Support Files/Pods-Feignapp WatchKit Extension/Pods-Feignapp WatchKit Extension-frameworks.sh\"\n";
			showEnvVarsInLog = 0;
		};
		7CE9F182547858424B0FDB38 /* [CP] Copy Pods Resources */ = {
			isa = PBXShellScriptBuildPhase;
			buildActionMask = 2147483647;
			files = (
			);
			inputPaths = (
			);
			name = "[CP] Copy Pods Resources";
			outputPaths = (
			);
			runOnlyForDeploymentPostprocessing = 0;
			shellPath = /bin/sh;
			shellScript = "\"${SRCROOT}/Pods/Target Support Files/Pods-FeignappUITests/Pods-FeignappUITests-resources.sh\"\n";
			showEnvVarsInLog = 0;
		};
		86E8BE09316BFD87220085F1 /* [CP] Embed Pods Frameworks */ = {
			isa = PBXShellScriptBuildPhase;
			buildActionMask = 2147483647;
			files = (
			);
			inputPaths = (
			);
			name = "[CP] Embed Pods Frameworks";
			outputPaths = (
			);
			runOnlyForDeploymentPostprocessing = 0;
			shellPath = /bin/sh;
			shellScript = "\"${SRCROOT}/Pods/Target Support Files/Pods-FeignappUITests/Pods-FeignappUITests-frameworks.sh\"\n";
			showEnvVarsInLog = 0;
		};
		9DD6032D52FD3AFC2977DB0C /* [CP] Embed Pods Frameworks */ = {
			isa = PBXShellScriptBuildPhase;
			buildActionMask = 2147483647;
			files = (
			);
			inputPaths = (
				"${SRCROOT}/Pods/Target Support Files/Pods-Feignapp/Pods-Feignapp-frameworks.sh",
				"${BUILT_PRODUCTS_DIR}/Alamofire-iOS/Alamofire.framework",
				"${BUILT_PRODUCTS_DIR}/DynamicBlurView/DynamicBlurView.framework",
				"${BUILT_PRODUCTS_DIR}/GTMSessionFetcher/GTMSessionFetcher.framework",
				"${BUILT_PRODUCTS_DIR}/GoogleToolboxForMac/GoogleToolboxForMac.framework",
				"${BUILT_PRODUCTS_DIR}/PopupDialog/PopupDialog.framework",
				"${BUILT_PRODUCTS_DIR}/SearchTextField/SearchTextField.framework",
				"${BUILT_PRODUCTS_DIR}/SwiftyJSON-iOS/SwiftyJSON.framework",
				"${BUILT_PRODUCTS_DIR}/nanopb/nanopb.framework",
			);
			name = "[CP] Embed Pods Frameworks";
			outputPaths = (
				"${TARGET_BUILD_DIR}/${FRAMEWORKS_FOLDER_PATH}/Alamofire.framework",
				"${TARGET_BUILD_DIR}/${FRAMEWORKS_FOLDER_PATH}/DynamicBlurView.framework",
				"${TARGET_BUILD_DIR}/${FRAMEWORKS_FOLDER_PATH}/GTMSessionFetcher.framework",
				"${TARGET_BUILD_DIR}/${FRAMEWORKS_FOLDER_PATH}/GoogleToolboxForMac.framework",
				"${TARGET_BUILD_DIR}/${FRAMEWORKS_FOLDER_PATH}/PopupDialog.framework",
				"${TARGET_BUILD_DIR}/${FRAMEWORKS_FOLDER_PATH}/SearchTextField.framework",
				"${TARGET_BUILD_DIR}/${FRAMEWORKS_FOLDER_PATH}/SwiftyJSON.framework",
				"${TARGET_BUILD_DIR}/${FRAMEWORKS_FOLDER_PATH}/nanopb.framework",
			);
			runOnlyForDeploymentPostprocessing = 0;
			shellPath = /bin/sh;
			shellScript = "\"${SRCROOT}/Pods/Target Support Files/Pods-Feignapp/Pods-Feignapp-frameworks.sh\"\n";
			showEnvVarsInLog = 0;
		};
		A05B9FC8F6DBF7E0659CA3E2 /* [CP] Copy Pods Resources */ = {
			isa = PBXShellScriptBuildPhase;
			buildActionMask = 2147483647;
			files = (
			);
			inputPaths = (
			);
			name = "[CP] Copy Pods Resources";
			outputPaths = (
			);
			runOnlyForDeploymentPostprocessing = 0;
			shellPath = /bin/sh;
			shellScript = "\"${SRCROOT}/Pods/Target Support Files/Pods-FeignappTests/Pods-FeignappTests-resources.sh\"\n";
			showEnvVarsInLog = 0;
		};
		B00CBBDB866A75B3D030D9F1 /* [CP] Check Pods Manifest.lock */ = {
			isa = PBXShellScriptBuildPhase;
			buildActionMask = 2147483647;
			files = (
			);
			inputPaths = (
				"${PODS_PODFILE_DIR_PATH}/Podfile.lock",
				"${PODS_ROOT}/Manifest.lock",
			);
			name = "[CP] Check Pods Manifest.lock";
			outputPaths = (
				"$(DERIVED_FILE_DIR)/Pods-Feignapp-checkManifestLockResult.txt",
			);
			runOnlyForDeploymentPostprocessing = 0;
			shellPath = /bin/sh;
			shellScript = "diff \"${PODS_PODFILE_DIR_PATH}/Podfile.lock\" \"${PODS_ROOT}/Manifest.lock\" > /dev/null\nif [ $? != 0 ] ; then\n    # print error to STDERR\n    echo \"error: The sandbox is not in sync with the Podfile.lock. Run 'pod install' or update your CocoaPods installation.\" >&2\n    exit 1\nfi\n# This output is used by Xcode 'outputs' to avoid re-running this script phase.\necho \"SUCCESS\" > \"${SCRIPT_OUTPUT_FILE_0}\"\n";
			showEnvVarsInLog = 0;
		};
		B615D49715E730C6047408C0 /* [CP] Check Pods Manifest.lock */ = {
			isa = PBXShellScriptBuildPhase;
			buildActionMask = 2147483647;
			files = (
			);
			inputPaths = (
				"${PODS_PODFILE_DIR_PATH}/Podfile.lock",
				"${PODS_ROOT}/Manifest.lock",
			);
			name = "[CP] Check Pods Manifest.lock";
			outputPaths = (
				"$(DERIVED_FILE_DIR)/Pods-Feignapp WatchKit App-checkManifestLockResult.txt",
			);
			runOnlyForDeploymentPostprocessing = 0;
			shellPath = /bin/sh;
			shellScript = "diff \"${PODS_PODFILE_DIR_PATH}/Podfile.lock\" \"${PODS_ROOT}/Manifest.lock\" > /dev/null\nif [ $? != 0 ] ; then\n    # print error to STDERR\n    echo \"error: The sandbox is not in sync with the Podfile.lock. Run 'pod install' or update your CocoaPods installation.\" >&2\n    exit 1\nfi\n# This output is used by Xcode 'outputs' to avoid re-running this script phase.\necho \"SUCCESS\" > \"${SCRIPT_OUTPUT_FILE_0}\"\n";
			showEnvVarsInLog = 0;
		};
		EF25A3B56E0024D96D40B90C /* [CP] Check Pods Manifest.lock */ = {
			isa = PBXShellScriptBuildPhase;
			buildActionMask = 2147483647;
			files = (
			);
			inputPaths = (
				"${PODS_PODFILE_DIR_PATH}/Podfile.lock",
				"${PODS_ROOT}/Manifest.lock",
			);
			name = "[CP] Check Pods Manifest.lock";
			outputPaths = (
				"$(DERIVED_FILE_DIR)/Pods-Feignapp WatchKit Extension-checkManifestLockResult.txt",
			);
			runOnlyForDeploymentPostprocessing = 0;
			shellPath = /bin/sh;
			shellScript = "diff \"${PODS_PODFILE_DIR_PATH}/Podfile.lock\" \"${PODS_ROOT}/Manifest.lock\" > /dev/null\nif [ $? != 0 ] ; then\n    # print error to STDERR\n    echo \"error: The sandbox is not in sync with the Podfile.lock. Run 'pod install' or update your CocoaPods installation.\" >&2\n    exit 1\nfi\n# This output is used by Xcode 'outputs' to avoid re-running this script phase.\necho \"SUCCESS\" > \"${SCRIPT_OUTPUT_FILE_0}\"\n";
			showEnvVarsInLog = 0;
		};
		F67F7DA9B535BD27AE1FDD3A /* [CP] Embed Pods Frameworks */ = {
			isa = PBXShellScriptBuildPhase;
			buildActionMask = 2147483647;
			files = (
			);
			inputPaths = (
			);
			name = "[CP] Embed Pods Frameworks";
			outputPaths = (
			);
			runOnlyForDeploymentPostprocessing = 0;
			shellPath = /bin/sh;
			shellScript = "\"${SRCROOT}/Pods/Target Support Files/Pods-FeignappTests/Pods-FeignappTests-frameworks.sh\"\n";
			showEnvVarsInLog = 0;
		};
		FD9B0222C933EF5BD142F970 /* [CP] Copy Pods Resources */ = {
			isa = PBXShellScriptBuildPhase;
			buildActionMask = 2147483647;
			files = (
			);
			inputPaths = (
			);
			name = "[CP] Copy Pods Resources";
			outputPaths = (
			);
			runOnlyForDeploymentPostprocessing = 0;
			shellPath = /bin/sh;
			shellScript = "\"${SRCROOT}/Pods/Target Support Files/Pods-Feignapp WatchKit Extension/Pods-Feignapp WatchKit Extension-resources.sh\"\n";
			showEnvVarsInLog = 0;
		};
/* End PBXShellScriptBuildPhase section */

/* Begin PBXSourcesBuildPhase section */
		772BE1272045CE270003A3B6 /* Sources */ = {
			isa = PBXSourcesBuildPhase;
			buildActionMask = 2147483647;
			files = (
				7780DE1620486DC4000F6C9E /* StationStruct.swift in Sources */,
				772BE18B2046AE060003A3B6 /* SettingsTableViewController.swift in Sources */,
				772BE1312045CE270003A3B6 /* ViewController.swift in Sources */,
				772BE18D2046AE060003A3B6 /* FirebaseServices.swift in Sources */,
				772BE18F2046AE060003A3B6 /* TravelModel.swift in Sources */,
				772BE12F2045CE270003A3B6 /* AppDelegate.swift in Sources */,
				772BE18C2046AE060003A3B6 /* TabViewController.swift in Sources */,
				772BE18E2046AE060003A3B6 /* HomeViewController.swift in Sources */,
				772BE1852046ADEF0003A3B6 /* CustomPopup.swift in Sources */,
			);
			runOnlyForDeploymentPostprocessing = 0;
		};
		772BE13B2045CE270003A3B6 /* Sources */ = {
			isa = PBXSourcesBuildPhase;
			buildActionMask = 2147483647;
			files = (
				772BE1442045CE270003A3B6 /* FeignappTests.swift in Sources */,
			);
			runOnlyForDeploymentPostprocessing = 0;
		};
		772BE1462045CE280003A3B6 /* Sources */ = {
			isa = PBXSourcesBuildPhase;
			buildActionMask = 2147483647;
			files = (
				772BE14F2045CE280003A3B6 /* FeignappUITests.swift in Sources */,
			);
			runOnlyForDeploymentPostprocessing = 0;
		};
		772BE15E2045CE280003A3B6 /* Sources */ = {
			isa = PBXSourcesBuildPhase;
			buildActionMask = 2147483647;
			files = (
				772BE1C320470A990003A3B6 /* TravelStruct.swift in Sources */,
				772BE16C2045CE280003A3B6 /* NotificationController.swift in Sources */,
				772BE19D2046B0FF0003A3B6 /* Environment.swift in Sources */,
				772BE1C220470A990003A3B6 /* StationStruct.swift in Sources */,
				772BE16A2045CE280003A3B6 /* ExtensionDelegate.swift in Sources */,
				772BE1682045CE280003A3B6 /* InterfaceController.swift in Sources */,
				772BE19F2046B0FF0003A3B6 /* TravelRow.swift in Sources */,
				772BE1A12046B0FF0003A3B6 /* TableInterfaceController.swift in Sources */,
			);
			runOnlyForDeploymentPostprocessing = 0;
		};
		772BE1AB2046E75E0003A3B6 /* Sources */ = {
			isa = PBXSourcesBuildPhase;
			buildActionMask = 2147483647;
			files = (
				772BE1B42046E75E0003A3B6 /* TodayViewController.swift in Sources */,
			);
			runOnlyForDeploymentPostprocessing = 0;
		};
/* End PBXSourcesBuildPhase section */

/* Begin PBXTargetDependency section */
		772BE1412045CE270003A3B6 /* PBXTargetDependency */ = {
			isa = PBXTargetDependency;
			target = 772BE12A2045CE270003A3B6 /* Feignapp */;
			targetProxy = 772BE1402045CE270003A3B6 /* PBXContainerItemProxy */;
		};
		772BE14C2045CE280003A3B6 /* PBXTargetDependency */ = {
			isa = PBXTargetDependency;
			target = 772BE12A2045CE270003A3B6 /* Feignapp */;
			targetProxy = 772BE14B2045CE280003A3B6 /* PBXContainerItemProxy */;
		};
		772BE1562045CE280003A3B6 /* PBXTargetDependency */ = {
			isa = PBXTargetDependency;
			target = 772BE1522045CE280003A3B6 /* Feignapp WatchKit App */;
			targetProxy = 772BE1552045CE280003A3B6 /* PBXContainerItemProxy */;
		};
		772BE1652045CE280003A3B6 /* PBXTargetDependency */ = {
			isa = PBXTargetDependency;
			target = 772BE1612045CE280003A3B6 /* Feignapp WatchKit Extension */;
			targetProxy = 772BE1642045CE280003A3B6 /* PBXContainerItemProxy */;
		};
		772BE1BA2046E75E0003A3B6 /* PBXTargetDependency */ = {
			isa = PBXTargetDependency;
			target = 772BE1AE2046E75E0003A3B6 /* FeignappWidget */;
			targetProxy = 772BE1B92046E75E0003A3B6 /* PBXContainerItemProxy */;
		};
/* End PBXTargetDependency section */

/* Begin PBXVariantGroup section */
		772BE1322045CE270003A3B6 /* Main.storyboard */ = {
			isa = PBXVariantGroup;
			children = (
				772BE1332045CE270003A3B6 /* Base */,
			);
			name = Main.storyboard;
			sourceTree = "<group>";
		};
		772BE1372045CE270003A3B6 /* LaunchScreen.storyboard */ = {
			isa = PBXVariantGroup;
			children = (
				772BE1382045CE270003A3B6 /* Base */,
			);
			name = LaunchScreen.storyboard;
			sourceTree = "<group>";
		};
		772BE1582045CE280003A3B6 /* Interface.storyboard */ = {
			isa = PBXVariantGroup;
			children = (
				772BE1592045CE280003A3B6 /* Base */,
			);
			name = Interface.storyboard;
			sourceTree = "<group>";
		};
		772BE1B52046E75E0003A3B6 /* MainInterface.storyboard */ = {
			isa = PBXVariantGroup;
			children = (
				772BE1B62046E75E0003A3B6 /* Base */,
			);
			name = MainInterface.storyboard;
			sourceTree = "<group>";
		};
/* End PBXVariantGroup section */

/* Begin XCBuildConfiguration section */
		772BE1712045CE280003A3B6 /* Debug */ = {
			isa = XCBuildConfiguration;
			buildSettings = {
				ALWAYS_SEARCH_USER_PATHS = NO;
				CLANG_ANALYZER_NONNULL = YES;
				CLANG_ANALYZER_NUMBER_OBJECT_CONVERSION = YES_AGGRESSIVE;
				CLANG_CXX_LANGUAGE_STANDARD = "gnu++14";
				CLANG_CXX_LIBRARY = "libc++";
				CLANG_ENABLE_MODULES = YES;
				CLANG_ENABLE_OBJC_ARC = YES;
				CLANG_WARN_BLOCK_CAPTURE_AUTORELEASING = YES;
				CLANG_WARN_BOOL_CONVERSION = YES;
				CLANG_WARN_COMMA = YES;
				CLANG_WARN_CONSTANT_CONVERSION = YES;
				CLANG_WARN_DIRECT_OBJC_ISA_USAGE = YES_ERROR;
				CLANG_WARN_DOCUMENTATION_COMMENTS = YES;
				CLANG_WARN_EMPTY_BODY = YES;
				CLANG_WARN_ENUM_CONVERSION = YES;
				CLANG_WARN_INFINITE_RECURSION = YES;
				CLANG_WARN_INT_CONVERSION = YES;
				CLANG_WARN_NON_LITERAL_NULL_CONVERSION = YES;
				CLANG_WARN_OBJC_LITERAL_CONVERSION = YES;
				CLANG_WARN_OBJC_ROOT_CLASS = YES_ERROR;
				CLANG_WARN_RANGE_LOOP_ANALYSIS = YES;
				CLANG_WARN_STRICT_PROTOTYPES = YES;
				CLANG_WARN_SUSPICIOUS_MOVE = YES;
				CLANG_WARN_UNGUARDED_AVAILABILITY = YES_AGGRESSIVE;
				CLANG_WARN_UNREACHABLE_CODE = YES;
				CLANG_WARN__DUPLICATE_METHOD_MATCH = YES;
				CODE_SIGN_IDENTITY = "iPhone Developer";
				COPY_PHASE_STRIP = NO;
				DEBUG_INFORMATION_FORMAT = dwarf;
				ENABLE_STRICT_OBJC_MSGSEND = YES;
				ENABLE_TESTABILITY = YES;
				GCC_C_LANGUAGE_STANDARD = gnu11;
				GCC_DYNAMIC_NO_PIC = NO;
				GCC_NO_COMMON_BLOCKS = YES;
				GCC_OPTIMIZATION_LEVEL = 0;
				GCC_PREPROCESSOR_DEFINITIONS = (
					"DEBUG=1",
					"$(inherited)",
				);
				GCC_WARN_64_TO_32_BIT_CONVERSION = YES;
				GCC_WARN_ABOUT_RETURN_TYPE = YES_ERROR;
				GCC_WARN_UNDECLARED_SELECTOR = YES;
				GCC_WARN_UNINITIALIZED_AUTOS = YES_AGGRESSIVE;
				GCC_WARN_UNUSED_FUNCTION = YES;
				GCC_WARN_UNUSED_VARIABLE = YES;
				IPHONEOS_DEPLOYMENT_TARGET = 11.0;
				MTL_ENABLE_DEBUG_INFO = YES;
				ONLY_ACTIVE_ARCH = YES;
				SDKROOT = iphoneos;
				SWIFT_ACTIVE_COMPILATION_CONDITIONS = DEBUG;
				SWIFT_OPTIMIZATION_LEVEL = "-Onone";
			};
			name = Debug;
		};
		772BE1722045CE280003A3B6 /* Release */ = {
			isa = XCBuildConfiguration;
			buildSettings = {
				ALWAYS_SEARCH_USER_PATHS = NO;
				CLANG_ANALYZER_NONNULL = YES;
				CLANG_ANALYZER_NUMBER_OBJECT_CONVERSION = YES_AGGRESSIVE;
				CLANG_CXX_LANGUAGE_STANDARD = "gnu++14";
				CLANG_CXX_LIBRARY = "libc++";
				CLANG_ENABLE_MODULES = YES;
				CLANG_ENABLE_OBJC_ARC = YES;
				CLANG_WARN_BLOCK_CAPTURE_AUTORELEASING = YES;
				CLANG_WARN_BOOL_CONVERSION = YES;
				CLANG_WARN_COMMA = YES;
				CLANG_WARN_CONSTANT_CONVERSION = YES;
				CLANG_WARN_DIRECT_OBJC_ISA_USAGE = YES_ERROR;
				CLANG_WARN_DOCUMENTATION_COMMENTS = YES;
				CLANG_WARN_EMPTY_BODY = YES;
				CLANG_WARN_ENUM_CONVERSION = YES;
				CLANG_WARN_INFINITE_RECURSION = YES;
				CLANG_WARN_INT_CONVERSION = YES;
				CLANG_WARN_NON_LITERAL_NULL_CONVERSION = YES;
				CLANG_WARN_OBJC_LITERAL_CONVERSION = YES;
				CLANG_WARN_OBJC_ROOT_CLASS = YES_ERROR;
				CLANG_WARN_RANGE_LOOP_ANALYSIS = YES;
				CLANG_WARN_STRICT_PROTOTYPES = YES;
				CLANG_WARN_SUSPICIOUS_MOVE = YES;
				CLANG_WARN_UNGUARDED_AVAILABILITY = YES_AGGRESSIVE;
				CLANG_WARN_UNREACHABLE_CODE = YES;
				CLANG_WARN__DUPLICATE_METHOD_MATCH = YES;
				CODE_SIGN_IDENTITY = "iPhone Developer";
				COPY_PHASE_STRIP = NO;
				DEBUG_INFORMATION_FORMAT = "dwarf-with-dsym";
				ENABLE_NS_ASSERTIONS = NO;
				ENABLE_STRICT_OBJC_MSGSEND = YES;
				GCC_C_LANGUAGE_STANDARD = gnu11;
				GCC_NO_COMMON_BLOCKS = YES;
				GCC_WARN_64_TO_32_BIT_CONVERSION = YES;
				GCC_WARN_ABOUT_RETURN_TYPE = YES_ERROR;
				GCC_WARN_UNDECLARED_SELECTOR = YES;
				GCC_WARN_UNINITIALIZED_AUTOS = YES_AGGRESSIVE;
				GCC_WARN_UNUSED_FUNCTION = YES;
				GCC_WARN_UNUSED_VARIABLE = YES;
				IPHONEOS_DEPLOYMENT_TARGET = 11.0;
				MTL_ENABLE_DEBUG_INFO = NO;
				SDKROOT = iphoneos;
				SWIFT_OPTIMIZATION_LEVEL = "-Owholemodule";
				VALIDATE_PRODUCT = YES;
			};
			name = Release;
		};
		772BE1742045CE280003A3B6 /* Debug */ = {
			isa = XCBuildConfiguration;
			baseConfigurationReference = 71E13257DA1FF72523461793 /* Pods-Feignapp WatchKit Extension.debug.xcconfig */;
			buildSettings = {
				ASSETCATALOG_COMPILER_COMPLICATION_NAME = Complication;
				CODE_SIGN_STYLE = Automatic;
				DEVELOPMENT_TEAM = 8UGBTSPL62;
				INFOPLIST_FILE = "Feignapp WatchKit Extension/Info.plist";
				LD_RUNPATH_SEARCH_PATHS = "$(inherited) @executable_path/Frameworks @executable_path/../../Frameworks";
				PRODUCT_BUNDLE_IDENTIFIER = com.Feignapp.watchkitapp.watchkitextension;
				PRODUCT_NAME = "${TARGET_NAME}";
				SDKROOT = watchos;
				SKIP_INSTALL = YES;
				SWIFT_VERSION = 4.0;
				TARGETED_DEVICE_FAMILY = 4;
				WATCHOS_DEPLOYMENT_TARGET = 4.2;
			};
			name = Debug;
		};
		772BE1752045CE280003A3B6 /* Release */ = {
			isa = XCBuildConfiguration;
			baseConfigurationReference = 5FE576649A4A57781C4BC1CF /* Pods-Feignapp WatchKit Extension.release.xcconfig */;
			buildSettings = {
				ASSETCATALOG_COMPILER_COMPLICATION_NAME = Complication;
				CODE_SIGN_STYLE = Automatic;
				DEVELOPMENT_TEAM = 8UGBTSPL62;
				INFOPLIST_FILE = "Feignapp WatchKit Extension/Info.plist";
				LD_RUNPATH_SEARCH_PATHS = "$(inherited) @executable_path/Frameworks @executable_path/../../Frameworks";
				PRODUCT_BUNDLE_IDENTIFIER = com.Feignapp.watchkitapp.watchkitextension;
				PRODUCT_NAME = "${TARGET_NAME}";
				SDKROOT = watchos;
				SKIP_INSTALL = YES;
				SWIFT_VERSION = 4.0;
				TARGETED_DEVICE_FAMILY = 4;
				WATCHOS_DEPLOYMENT_TARGET = 4.2;
			};
			name = Release;
		};
		772BE1782045CE280003A3B6 /* Debug */ = {
			isa = XCBuildConfiguration;
			baseConfigurationReference = 7FEC628855A365294900C7FA /* Pods-Feignapp WatchKit App.debug.xcconfig */;
			buildSettings = {
				ALWAYS_EMBED_SWIFT_STANDARD_LIBRARIES = YES;
				ASSETCATALOG_COMPILER_APPICON_NAME = AppIcon;
				CODE_SIGN_STYLE = Automatic;
				DEVELOPMENT_TEAM = 8UGBTSPL62;
				IBSC_MODULE = Feignapp_WatchKit_Extension;
				INFOPLIST_FILE = "Feignapp WatchKit App/Info.plist";
				PRODUCT_BUNDLE_IDENTIFIER = com.Feignapp.watchkitapp;
				PRODUCT_NAME = "$(TARGET_NAME)";
				SDKROOT = watchos;
				SKIP_INSTALL = YES;
				SWIFT_VERSION = 4.0;
				TARGETED_DEVICE_FAMILY = 4;
				WATCHOS_DEPLOYMENT_TARGET = 4.0;
			};
			name = Debug;
		};
		772BE1792045CE280003A3B6 /* Release */ = {
			isa = XCBuildConfiguration;
			baseConfigurationReference = 045AF998163DBB2056D40107 /* Pods-Feignapp WatchKit App.release.xcconfig */;
			buildSettings = {
				ALWAYS_EMBED_SWIFT_STANDARD_LIBRARIES = YES;
				ASSETCATALOG_COMPILER_APPICON_NAME = AppIcon;
				CODE_SIGN_STYLE = Automatic;
				DEVELOPMENT_TEAM = 8UGBTSPL62;
				IBSC_MODULE = Feignapp_WatchKit_Extension;
				INFOPLIST_FILE = "Feignapp WatchKit App/Info.plist";
				PRODUCT_BUNDLE_IDENTIFIER = com.Feignapp.watchkitapp;
				PRODUCT_NAME = "$(TARGET_NAME)";
				SDKROOT = watchos;
				SKIP_INSTALL = YES;
				SWIFT_VERSION = 4.0;
				TARGETED_DEVICE_FAMILY = 4;
				WATCHOS_DEPLOYMENT_TARGET = 4.0;
			};
			name = Release;
		};
		772BE17C2045CE280003A3B6 /* Debug */ = {
			isa = XCBuildConfiguration;
			baseConfigurationReference = C5C152472F5D82BBBB40C912 /* Pods-Feignapp.debug.xcconfig */;
			buildSettings = {
				ALWAYS_EMBED_SWIFT_STANDARD_LIBRARIES = YES;
				ASSETCATALOG_COMPILER_APPICON_NAME = AppIcon;
				CODE_SIGN_STYLE = Automatic;
				DEVELOPMENT_TEAM = 8UGBTSPL62;
				INFOPLIST_FILE = Feignapp/Info.plist;
				IPHONEOS_DEPLOYMENT_TARGET = 11.0;
				LD_RUNPATH_SEARCH_PATHS = "$(inherited) @executable_path/Frameworks";
				PRODUCT_BUNDLE_IDENTIFIER = com.Feignapp;
				PRODUCT_NAME = "$(TARGET_NAME)";
				SWIFT_VERSION = 4.0;
				TARGETED_DEVICE_FAMILY = 1;
			};
			name = Debug;
		};
		772BE17D2045CE280003A3B6 /* Release */ = {
			isa = XCBuildConfiguration;
			baseConfigurationReference = 9A3BF1AE59441A3BDB2F834A /* Pods-Feignapp.release.xcconfig */;
			buildSettings = {
				ALWAYS_EMBED_SWIFT_STANDARD_LIBRARIES = YES;
				ASSETCATALOG_COMPILER_APPICON_NAME = AppIcon;
				CODE_SIGN_STYLE = Automatic;
				DEVELOPMENT_TEAM = 8UGBTSPL62;
				INFOPLIST_FILE = Feignapp/Info.plist;
				IPHONEOS_DEPLOYMENT_TARGET = 11.0;
				LD_RUNPATH_SEARCH_PATHS = "$(inherited) @executable_path/Frameworks";
				PRODUCT_BUNDLE_IDENTIFIER = com.Feignapp;
				PRODUCT_NAME = "$(TARGET_NAME)";
				SWIFT_VERSION = 4.0;
				TARGETED_DEVICE_FAMILY = 1;
			};
			name = Release;
		};
		772BE17F2045CE280003A3B6 /* Debug */ = {
			isa = XCBuildConfiguration;
			baseConfigurationReference = EE67684DEC701ADB698EEA11 /* Pods-FeignappTests.debug.xcconfig */;
			buildSettings = {
				ALWAYS_EMBED_SWIFT_STANDARD_LIBRARIES = YES;
				BUNDLE_LOADER = "$(TEST_HOST)";
				CODE_SIGN_STYLE = Automatic;
				DEVELOPMENT_TEAM = T89NDVKT77;
				INFOPLIST_FILE = FeignappTests/Info.plist;
				LD_RUNPATH_SEARCH_PATHS = "$(inherited) @executable_path/Frameworks @loader_path/Frameworks";
				PRODUCT_BUNDLE_IDENTIFIER = com.FeignappTests;
				PRODUCT_NAME = "$(TARGET_NAME)";
				SWIFT_VERSION = 4.0;
				TARGETED_DEVICE_FAMILY = "1,2";
				TEST_HOST = "$(BUILT_PRODUCTS_DIR)/Feignapp.app/Feignapp";
			};
			name = Debug;
		};
		772BE1802045CE280003A3B6 /* Release */ = {
			isa = XCBuildConfiguration;
			baseConfigurationReference = 58B942F5171513E86576DCA3 /* Pods-FeignappTests.release.xcconfig */;
			buildSettings = {
				ALWAYS_EMBED_SWIFT_STANDARD_LIBRARIES = YES;
				BUNDLE_LOADER = "$(TEST_HOST)";
				CODE_SIGN_STYLE = Automatic;
				DEVELOPMENT_TEAM = T89NDVKT77;
				INFOPLIST_FILE = FeignappTests/Info.plist;
				LD_RUNPATH_SEARCH_PATHS = "$(inherited) @executable_path/Frameworks @loader_path/Frameworks";
				PRODUCT_BUNDLE_IDENTIFIER = com.FeignappTests;
				PRODUCT_NAME = "$(TARGET_NAME)";
				SWIFT_VERSION = 4.0;
				TARGETED_DEVICE_FAMILY = "1,2";
				TEST_HOST = "$(BUILT_PRODUCTS_DIR)/Feignapp.app/Feignapp";
			};
			name = Release;
		};
		772BE1822045CE280003A3B6 /* Debug */ = {
			isa = XCBuildConfiguration;
			baseConfigurationReference = 97F293BB8E189B60E68164E4 /* Pods-FeignappUITests.debug.xcconfig */;
			buildSettings = {
				ALWAYS_EMBED_SWIFT_STANDARD_LIBRARIES = YES;
				CODE_SIGN_STYLE = Automatic;
				DEVELOPMENT_TEAM = T89NDVKT77;
				INFOPLIST_FILE = FeignappUITests/Info.plist;
				LD_RUNPATH_SEARCH_PATHS = "$(inherited) @executable_path/Frameworks @loader_path/Frameworks";
				PRODUCT_BUNDLE_IDENTIFIER = com.FeignappUITests;
				PRODUCT_NAME = "$(TARGET_NAME)";
				SWIFT_VERSION = 4.0;
				TARGETED_DEVICE_FAMILY = "1,2";
				TEST_TARGET_NAME = Feignapp;
			};
			name = Debug;
		};
		772BE1832045CE280003A3B6 /* Release */ = {
			isa = XCBuildConfiguration;
			baseConfigurationReference = 50B6EC35C1A93612F05EDA04 /* Pods-FeignappUITests.release.xcconfig */;
			buildSettings = {
				ALWAYS_EMBED_SWIFT_STANDARD_LIBRARIES = YES;
				CODE_SIGN_STYLE = Automatic;
				DEVELOPMENT_TEAM = T89NDVKT77;
				INFOPLIST_FILE = FeignappUITests/Info.plist;
				LD_RUNPATH_SEARCH_PATHS = "$(inherited) @executable_path/Frameworks @loader_path/Frameworks";
				PRODUCT_BUNDLE_IDENTIFIER = com.FeignappUITests;
				PRODUCT_NAME = "$(TARGET_NAME)";
				SWIFT_VERSION = 4.0;
				TARGETED_DEVICE_FAMILY = "1,2";
				TEST_TARGET_NAME = Feignapp;
			};
			name = Release;
		};
		772BE1BD2046E75E0003A3B6 /* Debug */ = {
			isa = XCBuildConfiguration;
			buildSettings = {
				CODE_SIGN_STYLE = Automatic;
				DEVELOPMENT_TEAM = T89NDVKT77;
				INFOPLIST_FILE = FeignappWidget/Info.plist;
				LD_RUNPATH_SEARCH_PATHS = "$(inherited) @executable_path/Frameworks @executable_path/../../Frameworks";
				PRODUCT_BUNDLE_IDENTIFIER = com.Feignapp.Feignapp;
				PRODUCT_NAME = "$(TARGET_NAME)";
				SKIP_INSTALL = YES;
				SWIFT_VERSION = 4.0;
				TARGETED_DEVICE_FAMILY = "1,2";
			};
			name = Debug;
		};
		772BE1BE2046E75E0003A3B6 /* Release */ = {
			isa = XCBuildConfiguration;
			buildSettings = {
				CODE_SIGN_STYLE = Automatic;
				DEVELOPMENT_TEAM = T89NDVKT77;
				INFOPLIST_FILE = FeignappWidget/Info.plist;
				LD_RUNPATH_SEARCH_PATHS = "$(inherited) @executable_path/Frameworks @executable_path/../../Frameworks";
				PRODUCT_BUNDLE_IDENTIFIER = com.Feignapp.Feignapp;
				PRODUCT_NAME = "$(TARGET_NAME)";
				SKIP_INSTALL = YES;
				SWIFT_VERSION = 4.0;
				TARGETED_DEVICE_FAMILY = "1,2";
			};
			name = Release;
		};
/* End XCBuildConfiguration section */

/* Begin XCConfigurationList section */
		772BE1262045CE270003A3B6 /* Build configuration list for PBXProject "Feignapp" */ = {
			isa = XCConfigurationList;
			buildConfigurations = (
				772BE1712045CE280003A3B6 /* Debug */,
				772BE1722045CE280003A3B6 /* Release */,
			);
			defaultConfigurationIsVisible = 0;
			defaultConfigurationName = Release;
		};
		772BE1732045CE280003A3B6 /* Build configuration list for PBXNativeTarget "Feignapp WatchKit Extension" */ = {
			isa = XCConfigurationList;
			buildConfigurations = (
				772BE1742045CE280003A3B6 /* Debug */,
				772BE1752045CE280003A3B6 /* Release */,
			);
			defaultConfigurationIsVisible = 0;
			defaultConfigurationName = Release;
		};
		772BE1772045CE280003A3B6 /* Build configuration list for PBXNativeTarget "Feignapp WatchKit App" */ = {
			isa = XCConfigurationList;
			buildConfigurations = (
				772BE1782045CE280003A3B6 /* Debug */,
				772BE1792045CE280003A3B6 /* Release */,
			);
			defaultConfigurationIsVisible = 0;
			defaultConfigurationName = Release;
		};
		772BE17B2045CE280003A3B6 /* Build configuration list for PBXNativeTarget "Feignapp" */ = {
			isa = XCConfigurationList;
			buildConfigurations = (
				772BE17C2045CE280003A3B6 /* Debug */,
				772BE17D2045CE280003A3B6 /* Release */,
			);
			defaultConfigurationIsVisible = 0;
			defaultConfigurationName = Release;
		};
		772BE17E2045CE280003A3B6 /* Build configuration list for PBXNativeTarget "FeignappTests" */ = {
			isa = XCConfigurationList;
			buildConfigurations = (
				772BE17F2045CE280003A3B6 /* Debug */,
				772BE1802045CE280003A3B6 /* Release */,
			);
			defaultConfigurationIsVisible = 0;
			defaultConfigurationName = Release;
		};
		772BE1812045CE280003A3B6 /* Build configuration list for PBXNativeTarget "FeignappUITests" */ = {
			isa = XCConfigurationList;
			buildConfigurations = (
				772BE1822045CE280003A3B6 /* Debug */,
				772BE1832045CE280003A3B6 /* Release */,
			);
			defaultConfigurationIsVisible = 0;
			defaultConfigurationName = Release;
		};
		772BE1BC2046E75E0003A3B6 /* Build configuration list for PBXNativeTarget "FeignappWidget" */ = {
			isa = XCConfigurationList;
			buildConfigurations = (
				772BE1BD2046E75E0003A3B6 /* Debug */,
				772BE1BE2046E75E0003A3B6 /* Release */,
			);
			defaultConfigurationIsVisible = 0;
			defaultConfigurationName = Release;
		};
/* End XCConfigurationList section */
	};
	rootObject = 772BE1232045CE270003A3B6 /* Project object */;
}
